
Microsoft Visual Studio Solution File, Format Version 12.00
# Visual Studio Version 17
VisualStudioVersion = 17.3.32929.385
MinimumVisualStudioVersion = 10.0.40219.1
Project("{FAE04EC0-301F-11D3-BF4B-00C04F79EFBC}") = "Week2wkMini", "Week2wkMini\Week2wkMini.csproj", "{3A4F9C8B-D8A1-46AD-8D3C-E7B9352483F6}"
EndProject
Global
	GlobalSection(SolutionConfigurationPlatforms) = preSolution
		Debug|Any CPU = Debug|Any CPU
		Release|Any CPU = Release|Any CPU
	EndGlobalSection
	GlobalSection(ProjectConfigurationPlatforms) = postSolution
		{3A4F9C8B-D8A1-46AD-8D3C-E7B9352483F6}.Debug|Any CPU.ActiveCfg = Debug|Any CPU
		{3A4F9C8B-D8A1-46AD-8D3C-E7B9352483F6}.Debug|Any CPU.Build.0 = Debug|Any CPU
		{3A4F9C8B-D8A1-46AD-8D3C-E7B9352483F6}.Release|Any CPU.ActiveCfg = Release|Any CPU
		{3A4F9C8B-D8A1-46AD-8D3C-E7B9352483F6}.Release|Any CPU.Build.0 = Release|Any CPU
	EndGlobalSection
	GlobalSection(SolutionProperties) = preSolution
		HideSolutionNode = FALSE
	EndGlobalSection
	GlobalSection(ExtensibilityGlobals) = postSolution
		SolutionGuid = {A06C8438-FFB3-4424-A96D-A1053D4C5937}
	EndGlobalSection
EndGlobal
